
Microsoft Visual Studio Solution File, Format Version 12.00
# Visual Studio Version 17
VisualStudioVersion = 17.1.32414.318
MinimumVisualStudioVersion = 10.0.40219.1
Project("{9A19103F-16F7-4668-BE54-9A1E7A4F7556}") = "WeatherAPI", "API\WeatherAPI.csproj", "{C892CBAB-8949-4DF5-BB29-F0E7C625E665}"
EndProject
Project("{FAE04EC0-301F-11D3-BF4B-00C04F79EFBC}") = "WeatherAPITests", "WeatherAPITests\WeatherAPITests.csproj", "{C82E256D-ABFF-402C-96D3-DB7BED8C5D7C}"
EndProject
Global
	GlobalSection(SolutionConfigurationPlatforms) = preSolution
		Debug|Any CPU = Debug|Any CPU
		Release|Any CPU = Release|Any CPU
	EndGlobalSection
	GlobalSection(ProjectConfigurationPlatforms) = postSolution
		{C892CBAB-8949-4DF5-BB29-F0E7C625E665}.Debug|Any CPU.ActiveCfg = Debug|Any CPU
		{C892CBAB-8949-4DF5-BB29-F0E7C625E665}.Debug|Any CPU.Build.0 = Debug|Any CPU
		{C892CBAB-8949-4DF5-BB29-F0E7C625E665}.Release|Any CPU.ActiveCfg = Release|Any CPU
		{C892CBAB-8949-4DF5-BB29-F0E7C625E665}.Release|Any CPU.Build.0 = Release|Any CPU
		{C82E256D-ABFF-402C-96D3-DB7BED8C5D7C}.Debug|Any CPU.ActiveCfg = Debug|Any CPU
		{C82E256D-ABFF-402C-96D3-DB7BED8C5D7C}.Debug|Any CPU.Build.0 = Debug|Any CPU
		{C82E256D-ABFF-402C-96D3-DB7BED8C5D7C}.Release|Any CPU.ActiveCfg = Release|Any CPU
		{C82E256D-ABFF-402C-96D3-DB7BED8C5D7C}.Release|Any CPU.Build.0 = Release|Any CPU
	EndGlobalSection
	GlobalSection(SolutionProperties) = preSolution
		HideSolutionNode = FALSE
	EndGlobalSection
	GlobalSection(ExtensibilityGlobals) = postSolution
		SolutionGuid = {D5006BBF-106D-4DFE-86F3-C0A65B8690FA}
	EndGlobalSection
EndGlobal
