
Microsoft Visual Studio Solution File, Format Version 12.00
# Visual Studio Version 17
VisualStudioVersion = 17.1.32421.90
MinimumVisualStudioVersion = 10.0.40219.1
Project("{9A19103F-16F7-4668-BE54-9A1E7A4F7556}") = "WeatherAPI", "API\WeatherAPI.csproj", "{38E9FECC-4497-48A0-A1C2-09C823F0C9B7}"
EndProject
Project("{FAE04EC0-301F-11D3-BF4B-00C04F79EFBC}") = "WeatherForecastTests", "WeatherForecastTests\WeatherForecastTests.csproj", "{5B701140-6594-45A3-8647-ACF1180B3896}"
EndProject
Global
	GlobalSection(SolutionConfigurationPlatforms) = preSolution
		Debug|Any CPU = Debug|Any CPU
		Release|Any CPU = Release|Any CPU
	EndGlobalSection
	GlobalSection(ProjectConfigurationPlatforms) = postSolution
		{38E9FECC-4497-48A0-A1C2-09C823F0C9B7}.Debug|Any CPU.ActiveCfg = Debug|Any CPU
		{38E9FECC-4497-48A0-A1C2-09C823F0C9B7}.Debug|Any CPU.Build.0 = Debug|Any CPU
		{38E9FECC-4497-48A0-A1C2-09C823F0C9B7}.Release|Any CPU.ActiveCfg = Release|Any CPU
		{38E9FECC-4497-48A0-A1C2-09C823F0C9B7}.Release|Any CPU.Build.0 = Release|Any CPU
		{5B701140-6594-45A3-8647-ACF1180B3896}.Debug|Any CPU.ActiveCfg = Debug|Any CPU
		{5B701140-6594-45A3-8647-ACF1180B3896}.Debug|Any CPU.Build.0 = Debug|Any CPU
		{5B701140-6594-45A3-8647-ACF1180B3896}.Release|Any CPU.ActiveCfg = Release|Any CPU
		{5B701140-6594-45A3-8647-ACF1180B3896}.Release|Any CPU.Build.0 = Release|Any CPU
	EndGlobalSection
	GlobalSection(SolutionProperties) = preSolution
		HideSolutionNode = FALSE
	EndGlobalSection
	GlobalSection(ExtensibilityGlobals) = postSolution
		SolutionGuid = {E504A918-2868-47C9-8B37-10C75F8D1D88}
	EndGlobalSection
EndGlobal
